{
  "version": "5",
  "specifiers": {
    "jsr:@cliffy/command@1.3.1": "1.3.1",
    "jsr:@cliffy/flags@^1.3.1": "1.3.1",
    "jsr:@cliffy/internal@^1.3.1": "1.3.1",
    "jsr:@cliffy/table@^1.3.1": "1.3.1",
    "jsr:@cliffy/upgrade@^1.3.1": "1.3.1",
    "jsr:@std/bytes@^1.0.6": "1.0.6",
    "jsr:@std/cli@1.0.32": "1.0.32",
    "jsr:@std/fmt@^1.0.10": "1.0.10",
    "jsr:@std/internal@^1.0.14": "1.0.14",
    "jsr:@std/io@0.225.3": "0.225.3",
    "jsr:@std/path@^1.1.6": "1.1.6",
    "jsr:@std/semver@^1.0.8": "1.0.8",
    "jsr:@std/streams@^1.0.17": "1.2.0",
    "jsr:@std/tar@~0.1.10": "0.1.10",
    "jsr:@std/text@^1.0.19": "1.1.0"
  },
  "jsr": {
    "@cliffy/command@1.3.1": {
      "integrity": "366ab6d5f68abe3ded22c09f65c151cfba600fa26690a4763f390c2f1e07ca4d",
      "dependencies": [
        "jsr:@cliffy/flags",
        "jsr:@cliffy/internal",
        "jsr:@cliffy/table",
        "jsr:@cliffy/upgrade",
        "jsr:@std/fmt",
        "jsr:@std/text"
      ]
    },
    "@cliffy/flags@1.3.1": {
      "integrity": "12f38efa0c8c2531c09f1b9a70bae4c4dcfbe01793bac11ac8ac92dddedaa294",
      "dependencies": [
        "jsr:@cliffy/internal",
        "jsr:@std/text"
      ]
    },
    "@cliffy/internal@1.3.1": {
      "integrity": "b309718fbfb8a226e74bc06f151d4459c2bdfa7ce68482decca75106bbf28816"
    },
    "@cliffy/table@1.3.1": {
      "integrity": "483c43936b9be148cbedd8bd39e5c0d098c9c87c4667fe2ad9b8acff77f79b8b",
      "dependencies": [
        "jsr:@std/fmt"
      ]
    },
    "@cliffy/upgrade@1.3.1": {
      "integrity": "9407061b092de52533d291e2488df24ec0718e28e024ac208603c0e16ae6407a",
      "dependencies": [
        "jsr:@cliffy/internal",
        "jsr:@cliffy/table",
        "jsr:@std/fmt",
        "jsr:@std/path",
        "jsr:@std/semver",
        "jsr:@std/tar"
      ]
    },
    "@std/bytes@1.0.6": {
      "integrity": "f6ac6adbd8ccd99314045f5703e23af0a68d7f7e58364b47d2c7f408aeb5820a"
    },
    "@std/cli@1.0.32": {
      "integrity": "188b3a100d6202d64e3f5bd3d799c7fa4f6d77f92cc65eb7f641c1fa0aa92a66",
      "dependencies": [
        "jsr:@std/fmt",
        "jsr:@std/internal"
      ]
    },
    "@std/fmt@1.0.8": {
      "integrity": "71e1fc498787e4434d213647a6e43e794af4fd393ef8f52062246e06f7e372b7"
    },
    "@std/fmt@1.0.10": {
      "integrity": "90dfba288802ac6de82fb31d0917eb9e4450b9925b954d5e51fc29ac07419db5"
    },
    "@std/internal@1.0.14": {
      "integrity": "291516b3d4c35024d6ffbc0a9df5bf4c64116e05b50012cf846710152d2ffdf7"
    },
    "@std/io@0.225.3": {
      "integrity": "27b07b591384d12d7b568f39e61dff966b8230559122df1e9fd11cc068f7ddd1",
      "dependencies": [
        "jsr:@std/bytes"
      ]
    },
    "@std/path@1.1.6": {
      "integrity": "c68485c2a4dfbb5ae3cc74fae4e8c4e5d874cf8a8ed12927917235c758b46cbe",
      "dependencies": [
        "jsr:@std/internal"
      ]
    },
    "@std/semver@1.0.8": {
      "integrity": "dc830e8b8b6a380c895d53fbfd1258dc253704ca57bbe1629ac65fd7830179b7"
    },
    "@std/streams@1.2.0": {
      "integrity": "256b934254778f2bf45f5713b934209ff29e9b4b7fd4ec095219966813758c5f"
    },
    "@std/tar@0.1.10": {
      "integrity": "6bf907f3a4bc8bfef42973ba132d946756a6161ef6b914a9e1c06debe664db17",
      "dependencies": [
        "jsr:@std/streams"
      ]
    },
    "@std/text@1.1.0": {
      "integrity": "3db511996317f63e35b76fe18fe35249723ae0ff6f8305398c78dd64ffa809a7"
    }
  },
  "workspace": {
    "dependencies": [
      "jsr:@cliffy/command@1.3.1",
      "jsr:@std/cli@1.0.32",
      "jsr:@std/io@0.225.3"
    ]
  }
}
